// !$*UTF8*$!
{
	archiveVersion = 1;
	classes = {
	};
	objectVersion = 56;
	objects = {

/* Begin PBXBuildFile section */
		A1A1A1A1A1A1A1A1A1A10001 /* ClashDashApp.swift in Sources */ = {isa = PBXBuildFile; fileRef = F1F1F1F1F1F1F1F1F1F10001 /* ClashDashApp.swift */; };
		A1A1A1A1A1A1A1A1A1A10002 /* ConnectionInfo.swift in Sources */ = {isa = PBXBuildFile; fileRef = F1F1F1F1F1F1F1F1F1F10002 /* ConnectionInfo.swift */; };
		A1A1A1A1A1A1A1A1A1A10003 /* ConnectionSnapshot.swift in Sources */ = {isa = PBXBuildFile; fileRef = F1F1F1F1F1F1F1F1F1F10003 /* ConnectionSnapshot.swift */; };
		A1A1A1A1A1A1A1A1A1A10004 /* ProxyGroup.swift in Sources */ = {isa = PBXBuildFile; fileRef = F1F1F1F1F1F1F1F1F1F10004 /* ProxyGroup.swift */; };
		A1A1A1A1A1A1A1A1A1A10005 /* ProxyNode.swift in Sources */ = {isa = PBXBuildFile; fileRef = F1F1F1F1F1F1F1F1F1F10005 /* ProxyNode.swift */; };
		A1A1A1A1A1A1A1A1A1A10006 /* ProxyProvider.swift in Sources */ = {isa = PBXBuildFile; fileRef = F1F1F1F1F1F1F1F1F1F10006 /* ProxyProvider.swift */; };
		A1A1A1A1A1A1A1A1A1A10007 /* RuleItem.swift in Sources */ = {isa = PBXBuildFile; fileRef = F1F1F1F1F1F1F1F1F1F10007 /* RuleItem.swift */; };
		A1A1A1A1A1A1A1A1A1A10008 /* ServerConfig.swift in Sources */ = {isa = PBXBuildFile; fileRef = F1F1F1F1F1F1F1F1F1F10008 /* ServerConfig.swift */; };
		A1A1A1A1A1A1A1A1A1A10009 /* TrafficInfo.swift in Sources */ = {isa = PBXBuildFile; fileRef = F1F1F1F1F1F1F1F1F1F10009 /* TrafficInfo.swift */; };
		A1A1A1A1A1A1A1A1A1A10010 /* ContentView.swift in Sources */ = {isa = PBXBuildFile; fileRef = F1F1F1F1F1F1F1F1F1F10010 /* ContentView.swift */; };
		A1A1A1A1A1A1A1A1A1A10011 /* DebugLogView.swift in Sources */ = {isa = PBXBuildFile; fileRef = F1F1F1F1F1F1F1F1F1F10011 /* DebugLogView.swift */; };
		A1A1A1A1A1A1A1A1A1A10012 /* OverviewView.swift in Sources */ = {isa = PBXBuildFile; fileRef = F1F1F1F1F1F1F1F1F1F10012 /* OverviewView.swift */; };
		A1A1A1A1A1A1A1A1A1A10013 /* ProxiesView.swift in Sources */ = {isa = PBXBuildFile; fileRef = F1F1F1F1F1F1F1F1F1F10013 /* ProxiesView.swift */; };
		A1A1A1A1A1A1A1A1A1A10014 /* RulesView.swift in Sources */ = {isa = PBXBuildFile; fileRef = F1F1F1F1F1F1F1F1F1F10014 /* RulesView.swift */; };
		A1A1A1A1A1A1A1A1A1A10015 /* ConnectionsView.swift in Sources */ = {isa = PBXBuildFile; fileRef = F1F1F1F1F1F1F1F1F1F10015 /* ConnectionsView.swift */; };
		A1A1A1A1A1A1A1A1A1A10016 /* AddServerView.swift in Sources */ = {isa = PBXBuildFile; fileRef = F1F1F1F1F1F1F1F1F1F10016 /* AddServerView.swift */; };
		A1A1A1A1A1A1A1A1A1A10017 /* SettingsView.swift in Sources */ = {isa = PBXBuildFile; fileRef = F1F1F1F1F1F1F1F1F1F10017 /* SettingsView.swift */; };
		A1A1A1A1A1A1A1A1A1A10018 /* WelcomeView.swift in Sources */ = {isa = PBXBuildFile; fileRef = F1F1F1F1F1F1F1F1F1F10018 /* WelcomeView.swift */; };
		A1A1A1A1A1A1A1A1A1A10019 /* ConnectionsViewModel.swift in Sources */ = {isa = PBXBuildFile; fileRef = F1F1F1F1F1F1F1F1F1F10019 /* ConnectionsViewModel.swift */; };
		A1A1A1A1A1A1A1A1A1A10020 /* OverviewViewModel.swift in Sources */ = {isa = PBXBuildFile; fileRef = F1F1F1F1F1F1F1F1F1F10020 /* OverviewViewModel.swift */; };
		A1A1A1A1A1A1A1A1A1A10021 /* ProxiesViewModel.swift in Sources */ = {isa = PBXBuildFile; fileRef = F1F1F1F1F1F1F1F1F1F10021 /* ProxiesViewModel.swift */; };
		A1A1A1A1A1A1A1A1A1A10022 /* RulesViewModel.swift in Sources */ = {isa = PBXBuildFile; fileRef = F1F1F1F1F1F1F1F1F1F10022 /* RulesViewModel.swift */; };
		A1A1A1A1A1A1A1A1A1A10023 /* SettingsViewModel.swift in Sources */ = {isa = PBXBuildFile; fileRef = F1F1F1F1F1F1F1F1F1F10023 /* SettingsViewModel.swift */; };
		A1A1A1A1A1A1A1A1A1A10024 /* DebugLog.swift in Sources */ = {isa = PBXBuildFile; fileRef = F1F1F1F1F1F1F1F1F1F10024 /* DebugLog.swift */; };
		A1A1A1A1A1A1A1A1A1A10025 /* DebugServer.swift in Sources */ = {isa = PBXBuildFile; fileRef = F1F1F1F1F1F1F1F1F1F10025 /* DebugServer.swift */; };
		A1A1A1A1A1A1A1A1A1A10026 /* HapticService.swift in Sources */ = {isa = PBXBuildFile; fileRef = F1F1F1F1F1F1F1F1F1F10026 /* HapticService.swift */; };
		A1A1A1A1A1A1A1A1A1A10027 /* MihomoAPIService.swift in Sources */ = {isa = PBXBuildFile; fileRef = F1F1F1F1F1F1F1F1F1F10027 /* MihomoAPIService.swift */; };
		A1A1A1A1A1A1A1A1A1A10028 /* ServerConfigService.swift in Sources */ = {isa = PBXBuildFile; fileRef = F1F1F1F1F1F1F1F1F1F10028 /* ServerConfigService.swift */; };
		A1A1A1A1A1A1A1A1A1A10029 /* WebSocketService.swift in Sources */ = {isa = PBXBuildFile; fileRef = F1F1F1F1F1F1F1F1F1F10029 /* WebSocketService.swift */; };
		A1A1A1A1A1A1A1A1A1A10030 /* ColorExt.swift in Sources */ = {isa = PBXBuildFile; fileRef = F1F1F1F1F1F1F1F1F1F10030 /* ColorExt.swift */; };
		A1A1A1A1A1A1A1A1A1A10031 /* Formatters.swift in Sources */ = {isa = PBXBuildFile; fileRef = F1F1F1F1F1F1F1F1F1F10031 /* Formatters.swift */; };
		A1A1A1A1A1A1A1A1A1A10032 /* Assets.xcassets in Resources */ = {isa = PBXBuildFile; fileRef = F1F1F1F1F1F1F1F1F1F10033 /* Assets.xcassets */; };
/* End PBXBuildFile section */

/* Begin PBXFileReference section */
		F1F1F1F1F1F1F1F1F1F10001 /* ClashDashApp.swift */ = {isa = PBXFileReference; lastKnownFileType = sourcecode.swift; path = ClashDashApp.swift; sourceTree = "<group>"; };
		F1F1F1F1F1F1F1F1F1F10002 /* ConnectionInfo.swift */ = {isa = PBXFileReference; lastKnownFileType = sourcecode.swift; path = ConnectionInfo.swift; sourceTree = "<group>"; };
		F1F1F1F1F1F1F1F1F1F10003 /* ConnectionSnapshot.swift */ = {isa = PBXFileReference; lastKnownFileType = sourcecode.swift; path = ConnectionSnapshot.swift; sourceTree = "<group>"; };
		F1F1F1F1F1F1F1F1F1F10004 /* ProxyGroup.swift */ = {isa = PBXFileReference; lastKnownFileType = sourcecode.swift; path = ProxyGroup.swift; sourceTree = "<group>"; };
		F1F1F1F1F1F1F1F1F1F10005 /* ProxyNode.swift */ = {isa = PBXFileReference; lastKnownFileType = sourcecode.swift; path = ProxyNode.swift; sourceTree = "<group>"; };
		F1F1F1F1F1F1F1F1F1F10006 /* ProxyProvider.swift */ = {isa = PBXFileReference; lastKnownFileType = sourcecode.swift; path = ProxyProvider.swift; sourceTree = "<group>"; };
		F1F1F1F1F1F1F1F1F1F10007 /* RuleItem.swift */ = {isa = PBXFileReference; lastKnownFileType = sourcecode.swift; path = RuleItem.swift; sourceTree = "<group>"; };
		F1F1F1F1F1F1F1F1F1F10008 /* ServerConfig.swift */ = {isa = PBXFileReference; lastKnownFileType = sourcecode.swift; path = ServerConfig.swift; sourceTree = "<group>"; };
		F1F1F1F1F1F1F1F1F1F10009 /* TrafficInfo.swift */ = {isa = PBXFileReference; lastKnownFileType = sourcecode.swift; path = TrafficInfo.swift; sourceTree = "<group>"; };
		F1F1F1F1F1F1F1F1F1F10010 /* ContentView.swift */ = {isa = PBXFileReference; lastKnownFileType = sourcecode.swift; path = ContentView.swift; sourceTree = "<group>"; };
		F1F1F1F1F1F1F1F1F1F10011 /* DebugLogView.swift */ = {isa = PBXFileReference; lastKnownFileType = sourcecode.swift; path = DebugLogView.swift; sourceTree = "<group>"; };
		F1F1F1F1F1F1F1F1F1F10012 /* OverviewView.swift */ = {isa = PBXFileReference; lastKnownFileType = sourcecode.swift; path = OverviewView.swift; sourceTree = "<group>"; };
		F1F1F1F1F1F1F1F1F1F10013 /* ProxiesView.swift */ = {isa = PBXFileReference; lastKnownFileType = sourcecode.swift; path = ProxiesView.swift; sourceTree = "<group>"; };
		F1F1F1F1F1F1F1F1F1F10014 /* RulesView.swift */ = {isa = PBXFileReference; lastKnownFileType = sourcecode.swift; path = RulesView.swift; sourceTree = "<group>"; };
		F1F1F1F1F1F1F1F1F1F10015 /* ConnectionsView.swift */ = {isa = PBXFileReference; lastKnownFileType = sourcecode.swift; path = ConnectionsView.swift; sourceTree = "<group>"; };
		F1F1F1F1F1F1F1F1F1F10016 /* AddServerView.swift */ = {isa = PBXFileReference; lastKnownFileType = sourcecode.swift; path = AddServerView.swift; sourceTree = "<group>"; };
		F1F1F1F1F1F1F1F1F1F10017 /* SettingsView.swift */ = {isa = PBXFileReference; lastKnownFileType = sourcecode.swift; path = SettingsView.swift; sourceTree = "<group>"; };
		F1F1F1F1F1F1F1F1F1F10018 /* WelcomeView.swift */ = {isa = PBXFileReference; lastKnownFileType = sourcecode.swift; path = WelcomeView.swift; sourceTree = "<group>"; };
		F1F1F1F1F1F1F1F1F1F10019 /* ConnectionsViewModel.swift */ = {isa = PBXFileReference; lastKnownFileType = sourcecode.swift; path = ConnectionsViewModel.swift; sourceTree = "<group>"; };
		F1F1F1F1F1F1F1F1F1F10020 /* OverviewViewModel.swift */ = {isa = PBXFileReference; lastKnownFileType = sourcecode.swift; path = OverviewViewModel.swift; sourceTree = "<group>"; };
		F1F1F1F1F1F1F1F1F1F10021 /* ProxiesViewModel.swift */ = {isa = PBXFileReference; lastKnownFileType = sourcecode.swift; path = ProxiesViewModel.swift; sourceTree = "<group>"; };
		F1F1F1F1F1F1F1F1F1F10022 /* RulesViewModel.swift */ = {isa = PBXFileReference; lastKnownFileType = sourcecode.swift; path = RulesViewModel.swift; sourceTree = "<group>"; };
		F1F1F1F1F1F1F1F1F1F10023 /* SettingsViewModel.swift */ = {isa = PBXFileReference; lastKnownFileType = sourcecode.swift; path = SettingsViewModel.swift; sourceTree = "<group>"; };
		F1F1F1F1F1F1F1F1F1F10024 /* DebugLog.swift */ = {isa = PBXFileReference; lastKnownFileType = sourcecode.swift; path = DebugLog.swift; sourceTree = "<group>"; };
		F1F1F1F1F1F1F1F1F1F10025 /* DebugServer.swift */ = {isa = PBXFileReference; lastKnownFileType = sourcecode.swift; path = DebugServer.swift; sourceTree = "<group>"; };
		F1F1F1F1F1F1F1F1F1F10026 /* HapticService.swift */ = {isa = PBXFileReference; lastKnownFileType = sourcecode.swift; path = HapticService.swift; sourceTree = "<group>"; };
		F1F1F1F1F1F1F1F1F1F10027 /* MihomoAPIService.swift */ = {isa = PBXFileReference; lastKnownFileType = sourcecode.swift; path = MihomoAPIService.swift; sourceTree = "<group>"; };
		F1F1F1F1F1F1F1F1F1F10028 /* ServerConfigService.swift */ = {isa = PBXFileReference; lastKnownFileType = sourcecode.swift; path = ServerConfigService.swift; sourceTree = "<group>"; };
		F1F1F1F1F1F1F1F1F1F10029 /* WebSocketService.swift */ = {isa = PBXFileReference; lastKnownFileType = sourcecode.swift; path = WebSocketService.swift; sourceTree = "<group>"; };
		F1F1F1F1F1F1F1F1F1F10030 /* ColorExt.swift */ = {isa = PBXFileReference; lastKnownFileType = sourcecode.swift; path = ColorExt.swift; sourceTree = "<group>"; };
		F1F1F1F1F1F1F1F1F1F10031 /* Formatters.swift */ = {isa = PBXFileReference; lastKnownFileType = sourcecode.swift; path = Formatters.swift; sourceTree = "<group>"; };
		F1F1F1F1F1F1F1F1F1F10032 /* Info.plist */ = {isa = PBXFileReference; lastKnownFileType = text.plist.xml; path = Info.plist; sourceTree = "<group>"; };
		F1F1F1F1F1F1F1F1F1F10033 /* Assets.xcassets */ = {isa = PBXFileReference; lastKnownFileType = folder.assetcatalog; path = Assets.xcassets; sourceTree = "<group>"; };
		F1F1F1F1F1F1F1F1F1F10034 /* ClashDash.app */ = {isa = PBXFileReference; explicitFileType = wrapper.application; includeInIndex = 0; path = ClashDash.app; sourceTree = BUILT_PRODUCTS_DIR; };
/* End PBXFileReference section */

/* Begin PBXGroup section */
		G1G1G1G1G1G1G1G1G1G10001 = {
			isa = PBXGroup;
			children = (
				G1G1G1G1G1G1G1G1G1G10002 /* ClashDash */,
				G1G1G1G1G1G1G1G1G1G10003 /* Products */,
			);
			sourceTree = "<group>";
		};
		G1G1G1G1G1G1G1G1G1G10002 = {
			isa = PBXGroup;
			children = (
				G1G1G1G1G1G1G1G1G1G10010 /* App */,
				G1G1G1G1G1G1G1G1G1G10011 /* Extensions */,
				G1G1G1G1G1G1G1G1G1G10012 /* Models */,
				G1G1G1G1G1G1G1G1G1G10013 /* Services */,
				G1G1G1G1G1G1G1G1G1G10014 /* ViewModels */,
				G1G1G1G1G1G1G1G1G1G10015 /* Views */,
				F1F1F1F1F1F1F1F1F1F10032 /* Info.plist */,
				F1F1F1F1F1F1F1F1F1F10033 /* Assets.xcassets */,
			);
			path = ClashDash;
			sourceTree = "<group>";
		};
		G1G1G1G1G1G1G1G1G1G10003 = {
			isa = PBXGroup;
			children = (
				F1F1F1F1F1F1F1F1F1F10034 /* ClashDash.app */,
			);
			name = Products;
			sourceTree = "<group>";
		};
		G1G1G1G1G1G1G1G1G1G10010 = {
			isa = PBXGroup;
			children = (
				F1F1F1F1F1F1F1F1F1F10001 /* ClashDashApp.swift */,
			);
			path = App;
			sourceTree = "<group>";
		};
		G1G1G1G1G1G1G1G1G1G10011 = {
			isa = PBXGroup;
			children = (
				F1F1F1F1F1F1F1F1F1F10030 /* ColorExt.swift */,
				F1F1F1F1F1F1F1F1F1F10031 /* Formatters.swift */,
			);
			path = Extensions;
			sourceTree = "<group>";
		};
		G1G1G1G1G1G1G1G1G1G10012 = {
			isa = PBXGroup;
			children = (
				F1F1F1F1F1F1F1F1F1F10002 /* ConnectionInfo.swift */,
				F1F1F1F1F1F1F1F1F1F10003 /* ConnectionSnapshot.swift */,
				F1F1F1F1F1F1F1F1F1F10004 /* ProxyGroup.swift */,
				F1F1F1F1F1F1F1F1F1F10005 /* ProxyNode.swift */,
				F1F1F1F1F1F1F1F1F1F10006 /* ProxyProvider.swift */,
				F1F1F1F1F1F1F1F1F1F10007 /* RuleItem.swift */,
				F1F1F1F1F1F1F1F1F1F10008 /* ServerConfig.swift */,
				F1F1F1F1F1F1F1F1F1F10009 /* TrafficInfo.swift */,
			);
			path = Models;
			sourceTree = "<group>";
		};
		G1G1G1G1G1G1G1G1G1G10013 = {
			isa = PBXGroup;
			children = (
				F1F1F1F1F1F1F1F1F1F10024 /* DebugLog.swift */,
				F1F1F1F1F1F1F1F1F1F10025 /* DebugServer.swift */,
				F1F1F1F1F1F1F1F1F1F10026 /* HapticService.swift */,
				F1F1F1F1F1F1F1F1F1F10027 /* MihomoAPIService.swift */,
				F1F1F1F1F1F1F1F1F1F10028 /* ServerConfigService.swift */,
				F1F1F1F1F1F1F1F1F1F10029 /* WebSocketService.swift */,
			);
			path = Services;
			sourceTree = "<group>";
		};
		G1G1G1G1G1G1G1G1G1G10014 = {
			isa = PBXGroup;
			children = (
				F1F1F1F1F1F1F1F1F1F10019 /* ConnectionsViewModel.swift */,
				F1F1F1F1F1F1F1F1F1F10020 /* OverviewViewModel.swift */,
				F1F1F1F1F1F1F1F1F1F10021 /* ProxiesViewModel.swift */,
				F1F1F1F1F1F1F1F1F1F10022 /* RulesViewModel.swift */,
				F1F1F1F1F1F1F1F1F1F10023 /* SettingsViewModel.swift */,
			);
			path = ViewModels;
			sourceTree = "<group>";
		};
		G1G1G1G1G1G1G1G1G1G10015 = {
			isa = PBXGroup;
			children = (
				G1G1G1G1G1G1G1G1G1G10016 /* Connections */,
				G1G1G1G1G1G1G1G1G1G10017 /* Overview */,
				G1G1G1G1G1G1G1G1G1G10018 /* Proxies */,
				G1G1G1G1G1G1G1G1G1G10019 /* Rules */,
				G1G1G1G1G1G1G1G1G1G10020 /* Settings */,
				F1F1F1F1F1F1F1F1F1F10010 /* ContentView.swift */,
				F1F1F1F1F1F1F1F1F1F10011 /* DebugLogView.swift */,
			);
			path = Views;
			sourceTree = "<group>";
		};
		G1G1G1G1G1G1G1G1G1G10016 = {
			isa = PBXGroup;
			children = (
				F1F1F1F1F1F1F1F1F1F10015 /* ConnectionsView.swift */,
			);
			path = Connections;
			sourceTree = "<group>";
		};
		G1G1G1G1G1G1G1G1G1G10017 = {
			isa = PBXGroup;
			children = (
				F1F1F1F1F1F1F1F1F1F10012 /* OverviewView.swift */,
			);
			path = Overview;
			sourceTree = "<group>";
		};
		G1G1G1G1G1G1G1G1G1G10018 = {
			isa = PBXGroup;
			children = (
				F1F1F1F1F1F1F1F1F1F10013 /* ProxiesView.swift */,
			);
			path = Proxies;
			sourceTree = "<group>";
		};
		G1G1G1G1G1G1G1G1G1G10019 = {
			isa = PBXGroup;
			children = (
				F1F1F1F1F1F1F1F1F1F10014 /* RulesView.swift */,
			);
			path = Rules;
			sourceTree = "<group>";
		};
		G1G1G1G1G1G1G1G1G1G10020 = {
			isa = PBXGroup;
			children = (
				F1F1F1F1F1F1F1F1F1F10016 /* AddServerView.swift */,
				F1F1F1F1F1F1F1F1F1F10017 /* SettingsView.swift */,
				F1F1F1F1F1F1F1F1F1F10018 /* WelcomeView.swift */,
			);
			path = Settings;
			sourceTree = "<group>";
		};
/* End PBXGroup section */

/* Begin PBXNativeTarget section */
		T1T1T1T1T1T1T1T1T1T10001 /* ClashDash */ = {
			isa = PBXNativeTarget;
			buildConfigurationList = C1C1C1C1C1C1C1C1C1C10002 /* Build configuration list for PBXNativeTarget "ClashDash" */;
			buildPhases = (
				B1B1B1B1B1B1B1B1B1B10001 /* Sources */,
				B1B1B1B1B1B1B1B1B1B10002 /* Resources */,
			);
			buildRules = (
			);
			dependencies = (
			);
			name = ClashDash;
			productName = ClashDash;
			productReference = F1F1F1F1F1F1F1F1F1F10034 /* ClashDash.app */;
			productType = "com.apple.product-type.application";
		};
/* End PBXNativeTarget section */

/* Begin PBXProject section */
		P1P1P1P1P1P1P1P1P1P10001 /* Project object */ = {
			isa = PBXProject;
			attributes = {
				BuildIndependentTargetsInParallel = 1;
				LastSwiftUpdateCheck = 1620;
				LastUpgradeCheck = 1620;
			};
			buildConfigurationList = C1C1C1C1C1C1C1C1C1C10001 /* Build configuration list for PBXProject "ClashDash" */;
			compatibilityVersion = "Xcode 14.0";
			developmentRegion = en;
			hasScannedForEncodings = 0;
			knownRegions = (
				en,
				Base,
				"zh-Hans",
			);
			mainGroup = G1G1G1G1G1G1G1G1G1G10001;
			productRefGroup = G1G1G1G1G1G1G1G1G1G10003 /* Products */;
			projectDirPath = "";
			projectRoot = "";
			targets = (
				T1T1T1T1T1T1T1T1T1T10001 /* ClashDash */,
			);
		};
/* End PBXProject section */

/* Begin PBXResourcesBuildPhase section */
		B1B1B1B1B1B1B1B1B1B10002 /* Resources */ = {
			isa = PBXResourcesBuildPhase;
			buildActionMask = 2147483647;
			files = (
				A1A1A1A1A1A1A1A1A1A10032 /* Assets.xcassets in Resources */,
			);
			runOnlyForDeploymentPostprocessing = 0;
		};
/* End PBXResourcesBuildPhase section */

/* Begin PBXSourcesBuildPhase section */
		B1B1B1B1B1B1B1B1B1B10001 /* Sources */ = {
			isa = PBXSourcesBuildPhase;
			buildActionMask = 2147483647;
			files = (
				A1A1A1A1A1A1A1A1A1A10001 /* ClashDashApp.swift in Sources */,
				A1A1A1A1A1A1A1A1A1A10002 /* ConnectionInfo.swift in Sources */,
				A1A1A1A1A1A1A1A1A1A10003 /* ConnectionSnapshot.swift in Sources */,
				A1A1A1A1A1A1A1A1A1A10004 /* ProxyGroup.swift in Sources */,
				A1A1A1A1A1A1A1A1A1A10005 /* ProxyNode.swift in Sources */,
				A1A1A1A1A1A1A1A1A1A10006 /* ProxyProvider.swift in Sources */,
				A1A1A1A1A1A1A1A1A1A10007 /* RuleItem.swift in Sources */,
				A1A1A1A1A1A1A1A1A1A10008 /* ServerConfig.swift in Sources */,
				A1A1A1A1A1A1A1A1A1A10009 /* TrafficInfo.swift in Sources */,
				A1A1A1A1A1A1A1A1A1A10010 /* ContentView.swift in Sources */,
				A1A1A1A1A1A1A1A1A1A10011 /* DebugLogView.swift in Sources */,
				A1A1A1A1A1A1A1A1A1A10012 /* OverviewView.swift in Sources */,
				A1A1A1A1A1A1A1A1A1A10013 /* ProxiesView.swift in Sources */,
				A1A1A1A1A1A1A1A1A1A10014 /* RulesView.swift in Sources */,
				A1A1A1A1A1A1A1A1A1A10015 /* ConnectionsView.swift in Sources */,
				A1A1A1A1A1A1A1A1A1A10016 /* AddServerView.swift in Sources */,
				A1A1A1A1A1A1A1A1A1A10017 /* SettingsView.swift in Sources */,
				A1A1A1A1A1A1A1A1A1A10018 /* WelcomeView.swift in Sources */,
				A1A1A1A1A1A1A1A1A1A10019 /* ConnectionsViewModel.swift in Sources */,
				A1A1A1A1A1A1A1A1A1A10020 /* OverviewViewModel.swift in Sources */,
				A1A1A1A1A1A1A1A1A1A10021 /* ProxiesViewModel.swift in Sources */,
				A1A1A1A1A1A1A1A1A1A10022 /* RulesViewModel.swift in Sources */,
				A1A1A1A1A1A1A1A1A1A10023 /* SettingsViewModel.swift in Sources */,
				A1A1A1A1A1A1A1A1A1A10024 /* DebugLog.swift in Sources */,
				A1A1A1A1A1A1A1A1A1A10025 /* DebugServer.swift in Sources */,
				A1A1A1A1A1A1A1A1A1A10026 /* HapticService.swift in Sources */,
				A1A1A1A1A1A1A1A1A1A10027 /* MihomoAPIService.swift in Sources */,
				A1A1A1A1A1A1A1A1A1A10028 /* ServerConfigService.swift in Sources */,
				A1A1A1A1A1A1A1A1A1A10029 /* WebSocketService.swift in Sources */,
				A1A1A1A1A1A1A1A1A1A10030 /* ColorExt.swift in Sources */,
				A1A1A1A1A1A1A1A1A1A10031 /* Formatters.swift in Sources */,
			);
			runOnlyForDeploymentPostprocessing = 0;
		};
/* End PBXSourcesBuildPhase section */

/* Begin XCBuildConfiguration section */
		CFG000000001 /* Debug */ = {
			isa = XCBuildConfiguration;
			buildSettings = {
				IPHONEOS_DEPLOYMENT_TARGET = 17.0;
				MTL_ENABLE_DEBUG_INFO = INCLUDE_SOURCE;
				ONLY_ACTIVE_ARCH = YES;
				SWIFT_ACTIVE_COMPILATION_CONDITIONS = "DEBUG $(inherited)";
				SWIFT_OPTIMIZATION_LEVEL = "-Onone";
				MTL_FAST_MATH = YES;
				SDKROOT = iphoneos;
			};
			name = Debug;
		};
		CFG000000002 /* Release */ = {
			isa = XCBuildConfiguration;
			buildSettings = {
				IPHONEOS_DEPLOYMENT_TARGET = 17.0;
				MTL_ENABLE_DEBUG_INFO = NO;
				SWIFT_COMPILATION_MODE = wholemodule;
				VALIDATE_PRODUCT = YES;
				MTL_FAST_MATH = YES;
				SDKROOT = iphoneos;
			};
			name = Release;
		};
		CFG000000003 /* Debug */ = {
			isa = XCBuildConfiguration;
			buildSettings = {
				ASSETCATALOG_COMPILER_APPICON_NAME = AppIcon;
				CODE_SIGN_STYLE = Automatic;
				CURRENT_PROJECT_VERSION = 1;
				DEVELOPMENT_TEAM = ZJB59HBZGC;
				ENABLE_PREVIEWS = YES;
				GENERATE_INFOPLIST_FILE = YES;
				INFOPLIST_FILE = ClashDash/Info.plist;
				INFOPLIST_KEY_CFBundleDisplayName = ClashDash;
				INFOPLIST_KEY_UIApplicationSupportsIndirectInputEvents = YES;
				INFOPLIST_KEY_UISupportedInterfaceOrientations_iPad = "UIInterfaceOrientationPortrait UIInterfaceOrientationPortraitUpsideDown UIInterfaceOrientationLandscapeLeft UIInterfaceOrientationLandscapeRight";
				INFOPLIST_KEY_UISupportedInterfaceOrientations_iPhone = "UIInterfaceOrientationPortrait UIInterfaceOrientationLandscapeLeft UIInterfaceOrientationLandscapeRight";
				LD_RUNPATH_SEARCH_PATHS = (
					"$(inherited)",
					"@executable_path/Frameworks",
				);
				MARKETING_VERSION = 1.0;
				PRODUCT_BUNDLE_IDENTIFIER = com.clashdash.app;
				PRODUCT_NAME = "$(TARGET_NAME)";
				SWIFT_EMIT_LOC_STRINGS = YES;
				SWIFT_VERSION = 5.0;
				TARGETED_DEVICE_FAMILY = "1,2";
			};
			name = Debug;
		};
		CFG000000004 /* Release */ = {
			isa = XCBuildConfiguration;
			buildSettings = {
				ASSETCATALOG_COMPILER_APPICON_NAME = AppIcon;
				CODE_SIGN_STYLE = Automatic;
				CURRENT_PROJECT_VERSION = 1;
				DEVELOPMENT_TEAM = ZJB59HBZGC;
				ENABLE_PREVIEWS = YES;
				GENERATE_INFOPLIST_FILE = YES;
				INFOPLIST_FILE = ClashDash/Info.plist;
				INFOPLIST_KEY_CFBundleDisplayName = ClashDash;
				INFOPLIST_KEY_UIApplicationSupportsIndirectInputEvents = YES;
				INFOPLIST_KEY_UISupportedInterfaceOrientations_iPad = "UIInterfaceOrientationPortrait UIInterfaceOrientationPortraitUpsideDown UIInterfaceOrientationLandscapeLeft UIInterfaceOrientationLandscapeRight";
				INFOPLIST_KEY_UISupportedInterfaceOrientations_iPhone = "UIInterfaceOrientationPortrait UIInterfaceOrientationLandscapeLeft UIInterfaceOrientationLandscapeRight";
				LD_RUNPATH_SEARCH_PATHS = (
					"$(inherited)",
					"@executable_path/Frameworks",
				);
				MARKETING_VERSION = 1.0;
				PRODUCT_BUNDLE_IDENTIFIER = com.clashdash.app;
				PRODUCT_NAME = "$(TARGET_NAME)";
				SWIFT_EMIT_LOC_STRINGS = YES;
				SWIFT_VERSION = 5.0;
				TARGETED_DEVICE_FAMILY = "1,2";
			};
			name = Release;
		};
/* End XCBuildConfiguration section */

/* Begin XCConfigurationList section */
		C1C1C1C1C1C1C1C1C1C10001 /* Build configuration list for PBXProject "ClashDash" */ = {
			isa = XCConfigurationList;
			buildConfigurations = (
				CFG000000001 /* Debug */,
				CFG000000002 /* Release */,
			);
			defaultConfigurationIsVisible = 0;
			defaultConfigurationName = Release;
		};
		C1C1C1C1C1C1C1C1C1C10002 /* Build configuration list for PBXNativeTarget "ClashDash" */ = {
			isa = XCConfigurationList;
			buildConfigurations = (
				CFG000000003 /* Debug */,
				CFG000000004 /* Release */,
			);
			defaultConfigurationIsVisible = 0;
			defaultConfigurationName = Release;
		};
/* End XCConfigurationList section */

	};
	rootObject = P1P1P1P1P1P1P1P1P1P10001 /* Project object */;
}
